
Microsoft Visual Studio Solution File, Format Version 12.00
# Visual Studio Version 17
VisualStudioVersion = 17.2.32516.85
MinimumVisualStudioVersion = 10.0.40219.1
Project("{8BC9CEB8-8B4A-11D0-8D11-00A0C91BC942}") = "QuazarSploit", "QuazarSploit\QuazarSploit.vcxproj", "{BBCDD524-2288-40CB-BE8F-97C2079E3301}"
EndProject
Global
	GlobalSection(SolutionConfigurationPlatforms) = preSolution
		Debug|x64 = Debug|x64
		Debug|x86 = Debug|x86
		Release|x64 = Release|x64
		Release|x86 = Release|x86
	EndGlobalSection
	GlobalSection(ProjectConfigurationPlatforms) = postSolution
		{BBCDD524-2288-40CB-BE8F-97C2079E3301}.Debug|x64.ActiveCfg = Debug|x64
		{BBCDD524-2288-40CB-BE8F-97C2079E3301}.Debug|x64.Build.0 = Debug|x64
		{BBCDD524-2288-40CB-BE8F-97C2079E3301}.Debug|x86.ActiveCfg = Debug|Win32
		{BBCDD524-2288-40CB-BE8F-97C2079E3301}.Debug|x86.Build.0 = Debug|Win32
		{BBCDD524-2288-40CB-BE8F-97C2079E3301}.Release|x64.ActiveCfg = Release|x64
		{BBCDD524-2288-40CB-BE8F-97C2079E3301}.Release|x64.Build.0 = Release|x64
		{BBCDD524-2288-40CB-BE8F-97C2079E3301}.Release|x86.ActiveCfg = Release|Win32
		{BBCDD524-2288-40CB-BE8F-97C2079E3301}.Release|x86.Build.0 = Release|Win32
	EndGlobalSection
	GlobalSection(SolutionProperties) = preSolution
		HideSolutionNode = FALSE
	EndGlobalSection
	GlobalSection(ExtensibilityGlobals) = postSolution
		SolutionGuid = {020ADB02-6E47-42A8-8527-1F8473400A6C}
	EndGlobalSection
EndGlobal
